
Microsoft Visual Studio Solution File, Format Version 12.00
# Visual Studio Version 16
VisualStudioVersion = 16.0.30204.135
MinimumVisualStudioVersion = 10.0.40219.1
Project("{FAE04EC0-301F-11D3-BF4B-00C04F79EFBC}") = "EmployeeWebApp", "EmployeeWebApp\EmployeeWebApp.csproj", "{47C1D189-859C-4126-99B4-4F810B8F6C73}"
EndProject
Global
	GlobalSection(SolutionConfigurationPlatforms) = preSolution
		Debug|Any CPU = Debug|Any CPU
		Release|Any CPU = Release|Any CPU
	EndGlobalSection
	GlobalSection(ProjectConfigurationPlatforms) = postSolution
		{47C1D189-859C-4126-99B4-4F810B8F6C73}.Debug|Any CPU.ActiveCfg = Debug|Any CPU
		{47C1D189-859C-4126-99B4-4F810B8F6C73}.Debug|Any CPU.Build.0 = Debug|Any CPU
		{47C1D189-859C-4126-99B4-4F810B8F6C73}.Release|Any CPU.ActiveCfg = Release|Any CPU
		{47C1D189-859C-4126-99B4-4F810B8F6C73}.Release|Any CPU.Build.0 = Release|Any CPU
	EndGlobalSection
	GlobalSection(SolutionProperties) = preSolution
		HideSolutionNode = FALSE
	EndGlobalSection
	GlobalSection(ExtensibilityGlobals) = postSolution
		SolutionGuid = {6F11A6E4-2AD8-4B09-8B42-91AE78AF3DA8}
	EndGlobalSection
EndGlobal
